{
  "name": "token-list",
  "version": "0.0.1",
  "lockfileVersion": 1,
  "requires": true,
  "dependencies": {
    "@bondappetit/networks": {
      "version": "1.5.1-budget",
      "resolved": "https://registry.npmjs.org/@bondappetit/networks/-/networks-1.5.1-budget.tgz",
      "integrity": "sha512-oB7u42a2HdY7pQicvxcBYJKLhrTsmM8jG89Pyl23if14QvoluOARSELac01OMewmL6G+nJg6TEwArWWGBZUdIg=="
    }
  }
}
