{
  "name": "token-list",
  "version": "0.0.1",
  "lockfileVersion": 1,
  "requires": true,
  "dependencies": {
    "@bondappetit/networks": {
      "version": "1.4.6",
      "resolved": "https://registry.npmjs.org/@bondappetit/networks/-/networks-1.4.6.tgz",
      "integrity": "sha512-PgpbvnWS+9+p3hzpS8d/XJTsifpFJCCSn4GdDi5SRq73RJD9uMjm1vNyUuDgAbdl3CR5ctVmPyB4ty3oYD3OKg=="
    }
  }
}
