{
  "name": "token-list",
  "version": "0.0.1",
  "lockfileVersion": 1,
  "requires": true,
  "dependencies": {
    "@bondappetit/networks": {
      "version": "1.8.2",
      "resolved": "https://registry.npmjs.org/@bondappetit/networks/-/networks-1.8.2.tgz",
      "integrity": "sha512-iwmr6OYfFKa+ul1BuvTLp27bKh1/V/h6VsZcdRYO44Xt29YoI8YZWWi1uOLMbnEzPssBzwqQ/48B8+fp1GtPUA=="
    }
  }
}
